SITE
  remote: http://community.opscode.com/api/v1
  specs:
    aws (0.100.6)
    build-essential (1.3.4)
    chef_handler (1.1.4)
    dmg (1.1.0)
    erlang (1.2.0)
      build-essential (>= 0.0.0)
      yum (>= 0.5.0)
    openssl (1.0.2)
    postgresql (2.2.2)
      openssl (>= 0.0.0)
    runit (1.1.0)
      build-essential (>= 0.0.0)
    windows (1.8.4)
      chef_handler (>= 0.0.0)
    xfs (1.1.0)
    xml (1.1.2)
      build-essential (>= 0.0.0)
    yum (2.1.0)

GIT
  remote: https://github.com/customink-webops/hostsfile.git
  ref: master
  sha: b1a538c036c0da9147ddb836fb2a76e3852b0fa7
  specs:
    hostsfile (1.0.0)

GIT
  remote: https://github.com/geoffreytran/chef-composer.git
  ref: master
  sha: 413b5ddb7e7a9d0b1219e472bd6e4230725f999a
  specs:
    composer (0.0.5)
      apache2 (>= 0.0.0)

GIT
  remote: https://github.com/opscode-cookbooks/apache2.git
  ref: master
  sha: 2ce29785ed3eec72bbf0c32d6fa73e6a632b7913
  specs:
    apache2 (1.6.0)

GIT
  remote: https://github.com/opscode-cookbooks/application.git
  ref: master
  sha: 56a643965ccfc0d326be802258bfd3d26501d3c9
  specs:
    application (2.0.1)

GIT
  remote: https://github.com/opscode-cookbooks/application_php.git
  ref: master
  sha: 87dc9a0d55ca24afc15bf2c2c2e133c94b59e0cc
  specs:
    application_php (1.0.4)
      apache2 (>= 0.0.0)
      php (>= 0.0.0)

GIT
  remote: https://github.com/opscode-cookbooks/apt.git
  ref: master
  sha: fbeb0d4f75fcd9906ca9f860983f13bf46fd96c5
  specs:
    apt (1.9.0)

GIT
  remote: https://github.com/opscode-cookbooks/couchdb.git
  ref: master
  sha: 872d0b97de62a2684a0b7028b9a24dfae37ba3e9
  specs:
    couchdb (2.2.0)
      erlang (>= 0.0.0)
      yum (>= 0.0.0)

GIT
  remote: https://github.com/opscode-cookbooks/database.git
  ref: master
  sha: fce02addc3a70cc34333da0e100bb00287b0e64b
  specs:
    database (1.3.12)
      aws (>= 0.0.0)
      mysql (>= 1.3.0)
      postgresql (>= 1.0.0)
      xfs (>= 0.0.0)

GIT
  remote: https://github.com/opscode-cookbooks/git.git
  ref: master
  sha: 638db7f1bf60d36b27dacbe136eadd99111157a5
  specs:
    git (2.3.0)
      build-essential (>= 0.0.0)
      dmg (>= 0.0.0)
      runit (~> 1.0)
      windows (>= 0.0.0)
      yum (>= 0.0.0)

GIT
  remote: https://github.com/opscode-cookbooks/logrotate.git
  ref: master
  sha: 1bc876d66581ade0a810c8c1eeabb9a64930e0e5
  specs:
    logrotate (1.1.0)

GIT
  remote: https://github.com/opscode-cookbooks/mysql.git
  ref: master
  sha: bfabce615dffe144a161bc5979873a7e9811f172
  specs:
    mysql (2.1.2)
      build-essential (>= 0.0.0)
      openssl (>= 0.0.0)

GIT
  remote: https://github.com/opscode-cookbooks/php.git
  ref: master
  sha: fa716be0dc58a84b13082c0f1ba6331ee99e59d7
  specs:
    php (1.1.8)
      build-essential (>= 0.0.0)
      mysql (>= 0.0.0)
      xml (>= 0.0.0)

GIT
  remote: https://github.com/robertlemke/cookbook-baseserver.git
  ref: master
  sha: 11b3d19a0f5b69e7052371353010c22bd368c8ea
  specs:
    robertlemke-baseserver (0.1.0)
      logrotate (>= 0.0.0)
      robertlemke-locales (>= 0.0.0)

GIT
  remote: https://github.com/robertlemke/cookbook-locales.git
  ref: master
  sha: ecf3c0557899e789f2e0856567f5f0d20ea0a3e3
  specs:
    robertlemke-locales (0.0.1)

GIT
  remote: https://github.com/robertlemke/cookbook-typo3flow.git
  ref: master
  sha: 733f77ff8fea0d7b6e793cdfa0776741f8f3ae3b
  specs:
    typo3flow (0.0.1)

GIT
  remote: https://github.com/robertlemke/cookbook-webserver.git
  ref: master
  sha: cfea28480f649eb8c830fcc9da8c69dee996534a
  specs:
    robertlemke-webserver (0.1.0)
      apache2 (>= 0.0.0)
      composer (>= 0.0.0)
      database (>= 0.0.0)
      git (>= 0.0.0)
      logrotate (>= 0.0.0)
      php (>= 0.0.0)
      robertlemke-baseserver (>= 0.0.0)

DEPENDENCIES
  apache2 (>= 0)
  application (>= 0)
  application_php (>= 0)
  apt (>= 0)
  composer (>= 0)
  couchdb (>= 0)
  database (>= 0)
  git (>= 0)
  hostsfile (>= 0)
  logrotate (>= 0)
  mysql (>= 0)
  php (>= 0)
  robertlemke-baseserver (>= 0)
  robertlemke-locales (>= 0)
  robertlemke-webserver (>= 0)
  typo3flow (>= 0)

